
Microsoft Visual Studio Solution File, Format Version 12.00
# Visual Studio Version 16
VisualStudioVersion = 16.0.29215.179
MinimumVisualStudioVersion = 10.0.40219.1
Project("{9A19103F-16F7-4668-BE54-9A1E7A4F7556}") = "Revoked.Web", "Revoked.Web\Revoked.Web.csproj", "{34F38102-53ED-4EE5-B2FD-6890DB1E1AF5}"
EndProject
Global
	GlobalSection(SolutionConfigurationPlatforms) = preSolution
		Debug|Any CPU = Debug|Any CPU
		Release|Any CPU = Release|Any CPU
	EndGlobalSection
	GlobalSection(ProjectConfigurationPlatforms) = postSolution
		{34F38102-53ED-4EE5-B2FD-6890DB1E1AF5}.Debug|Any CPU.ActiveCfg = Debug|Any CPU
		{34F38102-53ED-4EE5-B2FD-6890DB1E1AF5}.Debug|Any CPU.Build.0 = Debug|Any CPU
		{34F38102-53ED-4EE5-B2FD-6890DB1E1AF5}.Release|Any CPU.ActiveCfg = Release|Any CPU
		{34F38102-53ED-4EE5-B2FD-6890DB1E1AF5}.Release|Any CPU.Build.0 = Release|Any CPU
	EndGlobalSection
	GlobalSection(SolutionProperties) = preSolution
		HideSolutionNode = FALSE
	EndGlobalSection
	GlobalSection(ExtensibilityGlobals) = postSolution
		SolutionGuid = {C46913F8-CC4B-4E1E-98DA-0320F114F9B3}
	EndGlobalSection
EndGlobal
