
Microsoft Visual Studio Solution File, Format Version 12.00
# Visual Studio Version 16
VisualStudioVersion = 16.0.29215.179
MinimumVisualStudioVersion = 10.0.40219.1
Project("{9A19103F-16F7-4668-BE54-9A1E7A4F7556}") = "Revoked.Web", "Revoked.Web\Revoked.Web.csproj", "{34F38102-53ED-4EE5-B2FD-6890DB1E1AF5}"
EndProject
Project("{FAE04EC0-301F-11D3-BF4B-00C04F79EFBC}") = "Revoked.Core", "Revoked.Core\Revoked.Core.csproj", "{1A752B89-48D3-4925-9D74-7A7A5C852DFC}"
EndProject
Project("{FAE04EC0-301F-11D3-BF4B-00C04F79EFBC}") = "Revoked.Services", "Revoked.Services\Revoked.Services.csproj", "{3F598B77-9B1F-4341-A3E9-AB4E1E1003E0}"
EndProject
Global
	GlobalSection(SolutionConfigurationPlatforms) = preSolution
		Debug|Any CPU = Debug|Any CPU
		Release|Any CPU = Release|Any CPU
	EndGlobalSection
	GlobalSection(ProjectConfigurationPlatforms) = postSolution
		{34F38102-53ED-4EE5-B2FD-6890DB1E1AF5}.Debug|Any CPU.ActiveCfg = Debug|Any CPU
		{34F38102-53ED-4EE5-B2FD-6890DB1E1AF5}.Debug|Any CPU.Build.0 = Debug|Any CPU
		{34F38102-53ED-4EE5-B2FD-6890DB1E1AF5}.Release|Any CPU.ActiveCfg = Release|Any CPU
		{34F38102-53ED-4EE5-B2FD-6890DB1E1AF5}.Release|Any CPU.Build.0 = Release|Any CPU
		{1A752B89-48D3-4925-9D74-7A7A5C852DFC}.Debug|Any CPU.ActiveCfg = Debug|Any CPU
		{1A752B89-48D3-4925-9D74-7A7A5C852DFC}.Debug|Any CPU.Build.0 = Debug|Any CPU
		{1A752B89-48D3-4925-9D74-7A7A5C852DFC}.Release|Any CPU.ActiveCfg = Release|Any CPU
		{1A752B89-48D3-4925-9D74-7A7A5C852DFC}.Release|Any CPU.Build.0 = Release|Any CPU
		{3F598B77-9B1F-4341-A3E9-AB4E1E1003E0}.Debug|Any CPU.ActiveCfg = Debug|Any CPU
		{3F598B77-9B1F-4341-A3E9-AB4E1E1003E0}.Debug|Any CPU.Build.0 = Debug|Any CPU
		{3F598B77-9B1F-4341-A3E9-AB4E1E1003E0}.Release|Any CPU.ActiveCfg = Release|Any CPU
		{3F598B77-9B1F-4341-A3E9-AB4E1E1003E0}.Release|Any CPU.Build.0 = Release|Any CPU
	EndGlobalSection
	GlobalSection(SolutionProperties) = preSolution
		HideSolutionNode = FALSE
	EndGlobalSection
	GlobalSection(ExtensibilityGlobals) = postSolution
		SolutionGuid = {C46913F8-CC4B-4E1E-98DA-0320F114F9B3}
	EndGlobalSection
EndGlobal
